
Microsoft Visual Studio Solution File, Format Version 12.00
# Visual Studio Version 17
VisualStudioVersion = 17.2.32616.157
MinimumVisualStudioVersion = 10.0.40219.1
Project("{FAE04EC0-301F-11D3-BF4B-00C04F79EFBC}") = "Anket_Projesi_Ford_Otosan", "Anket_Projesi_Ford_Otosan\Anket_Projesi_Ford_Otosan.csproj", "{285FE344-E91D-45F9-9AC8-96E1B134B6AE}"
EndProject
Global
	GlobalSection(SolutionConfigurationPlatforms) = preSolution
		Debug|Any CPU = Debug|Any CPU
		Release|Any CPU = Release|Any CPU
	EndGlobalSection
	GlobalSection(ProjectConfigurationPlatforms) = postSolution
		{285FE344-E91D-45F9-9AC8-96E1B134B6AE}.Debug|Any CPU.ActiveCfg = Debug|Any CPU
		{285FE344-E91D-45F9-9AC8-96E1B134B6AE}.Debug|Any CPU.Build.0 = Debug|Any CPU
		{285FE344-E91D-45F9-9AC8-96E1B134B6AE}.Release|Any CPU.ActiveCfg = Release|Any CPU
		{285FE344-E91D-45F9-9AC8-96E1B134B6AE}.Release|Any CPU.Build.0 = Release|Any CPU
	EndGlobalSection
	GlobalSection(SolutionProperties) = preSolution
		HideSolutionNode = FALSE
	EndGlobalSection
	GlobalSection(ExtensibilityGlobals) = postSolution
		SolutionGuid = {BA26FDCB-38D1-4D53-ACB3-86762E46A65F}
	EndGlobalSection
EndGlobal
