
Microsoft Visual Studio Solution File, Format Version 12.00
# Visual Studio Version 17
VisualStudioVersion = 17.2.32616.157
MinimumVisualStudioVersion = 10.0.40219.1
Project("{FAE04EC0-301F-11D3-BF4B-00C04F79EFBC}") = "AnketProjesi", "AnketProjesi\AnketProjesi.csproj", "{C0BD10D4-F688-4E32-A3D1-1CDDB42655A3}"
EndProject
Global
	GlobalSection(SolutionConfigurationPlatforms) = preSolution
		Debug|Any CPU = Debug|Any CPU
		Release|Any CPU = Release|Any CPU
	EndGlobalSection
	GlobalSection(ProjectConfigurationPlatforms) = postSolution
		{C0BD10D4-F688-4E32-A3D1-1CDDB42655A3}.Debug|Any CPU.ActiveCfg = Debug|Any CPU
		{C0BD10D4-F688-4E32-A3D1-1CDDB42655A3}.Debug|Any CPU.Build.0 = Debug|Any CPU
		{C0BD10D4-F688-4E32-A3D1-1CDDB42655A3}.Release|Any CPU.ActiveCfg = Release|Any CPU
		{C0BD10D4-F688-4E32-A3D1-1CDDB42655A3}.Release|Any CPU.Build.0 = Release|Any CPU
	EndGlobalSection
	GlobalSection(SolutionProperties) = preSolution
		HideSolutionNode = FALSE
	EndGlobalSection
	GlobalSection(ExtensibilityGlobals) = postSolution
		SolutionGuid = {60ABC6EF-6A94-47D2-B044-999D6BD81D96}
	EndGlobalSection
EndGlobal
